
Microsoft Visual Studio Solution File, Format Version 12.00
# Visual Studio Version 16
VisualStudioVersion = 16.0.31424.327
MinimumVisualStudioVersion = 10.0.40219.1
Project("{FAE04EC0-301F-11D3-BF4B-00C04F79EFBC}") = "DiceRollForNextStep", "DiceRollForNextStep\DiceRollForNextStep.csproj", "{8DF191B7-1846-49CB-B3D9-0B04E1F4E6C6}"
EndProject
Global
	GlobalSection(SolutionConfigurationPlatforms) = preSolution
		Debug|Any CPU = Debug|Any CPU
		Release|Any CPU = Release|Any CPU
	EndGlobalSection
	GlobalSection(ProjectConfigurationPlatforms) = postSolution
		{8DF191B7-1846-49CB-B3D9-0B04E1F4E6C6}.Debug|Any CPU.ActiveCfg = Debug|Any CPU
		{8DF191B7-1846-49CB-B3D9-0B04E1F4E6C6}.Debug|Any CPU.Build.0 = Debug|Any CPU
		{8DF191B7-1846-49CB-B3D9-0B04E1F4E6C6}.Release|Any CPU.ActiveCfg = Release|Any CPU
		{8DF191B7-1846-49CB-B3D9-0B04E1F4E6C6}.Release|Any CPU.Build.0 = Release|Any CPU
	EndGlobalSection
	GlobalSection(SolutionProperties) = preSolution
		HideSolutionNode = FALSE
	EndGlobalSection
	GlobalSection(ExtensibilityGlobals) = postSolution
		SolutionGuid = {2D48DC65-ECE7-4C89-A8E4-76AA0072F2F8}
	EndGlobalSection
EndGlobal
