
Microsoft Visual Studio Solution File, Format Version 12.00
# Visual Studio Version 16
VisualStudioVersion = 16.0.31424.327
MinimumVisualStudioVersion = 10.0.40219.1
Project("{FAE04EC0-301F-11D3-BF4B-00C04F79EFBC}") = "EpuapSoapXmlTest1", "EpuapSoapXmlTest1\EpuapSoapXmlTest1.csproj", "{37FC1512-DAED-45F7-8CA1-828E0F9C445F}"
EndProject
Global
	GlobalSection(SolutionConfigurationPlatforms) = preSolution
		Debug|Any CPU = Debug|Any CPU
		Release|Any CPU = Release|Any CPU
	EndGlobalSection
	GlobalSection(ProjectConfigurationPlatforms) = postSolution
		{37FC1512-DAED-45F7-8CA1-828E0F9C445F}.Debug|Any CPU.ActiveCfg = Debug|Any CPU
		{37FC1512-DAED-45F7-8CA1-828E0F9C445F}.Debug|Any CPU.Build.0 = Debug|Any CPU
		{37FC1512-DAED-45F7-8CA1-828E0F9C445F}.Release|Any CPU.ActiveCfg = Release|Any CPU
		{37FC1512-DAED-45F7-8CA1-828E0F9C445F}.Release|Any CPU.Build.0 = Release|Any CPU
	EndGlobalSection
	GlobalSection(SolutionProperties) = preSolution
		HideSolutionNode = FALSE
	EndGlobalSection
	GlobalSection(ExtensibilityGlobals) = postSolution
		SolutionGuid = {ADF36946-1AB9-4100-8C96-32DCCA47ADC1}
	EndGlobalSection
EndGlobal
